
Microsoft Visual Studio Solution File, Format Version 12.00
# Visual Studio Version 17
VisualStudioVersion = 17.7.34024.191
MinimumVisualStudioVersion = 10.0.40219.1
Project("{FAE04EC0-301F-11D3-BF4B-00C04F79EFBC}") = "ZaharWpf", "ZaharWpf\ZaharWpf.csproj", "{487D1EF2-475C-4303-937D-870338F970ED}"
EndProject
Global
	GlobalSection(SolutionConfigurationPlatforms) = preSolution
		Debug|Any CPU = Debug|Any CPU
		Release|Any CPU = Release|Any CPU
	EndGlobalSection
	GlobalSection(ProjectConfigurationPlatforms) = postSolution
		{487D1EF2-475C-4303-937D-870338F970ED}.Debug|Any CPU.ActiveCfg = Debug|Any CPU
		{487D1EF2-475C-4303-937D-870338F970ED}.Debug|Any CPU.Build.0 = Debug|Any CPU
		{487D1EF2-475C-4303-937D-870338F970ED}.Release|Any CPU.ActiveCfg = Release|Any CPU
		{487D1EF2-475C-4303-937D-870338F970ED}.Release|Any CPU.Build.0 = Release|Any CPU
	EndGlobalSection
	GlobalSection(SolutionProperties) = preSolution
		HideSolutionNode = FALSE
	EndGlobalSection
	GlobalSection(ExtensibilityGlobals) = postSolution
		SolutionGuid = {FCE1DF38-6D02-4B40-A1BD-CF77B639ACFD}
	EndGlobalSection
EndGlobal
